{
  "version": 1,
  "dependencies": {
    "net9.0-windows7.0": {
      "Elmish": {
        "type": "Direct",
        "requested": "[3.1.0, )",
        "resolved": "3.1.0",
        "contentHash": "AwXmBx+dIMWsUOpFjjqZ4HZ71nGE0gMpy0iEox2ZZKis/pqLrhU49qnyB+05OEWjonwS0zfAAAPchV84y6qp5w==",
        "dependencies": {
          "FSharp.Core": "4.6.2"
        }
      },
      "Elmish.WPF": {
        "type": "Direct",
        "requested": "[4.0.0-beta-42, )",
        "resolved": "4.0.0-beta-42",
        "contentHash": "LK/k1oYI8SSS1U7+hNoMP7whU4DZnmvrFmDCkvQWiHSs37+uuzXY5Zd2A28WA3qRVHQX40G4wTgxBEzBG0f3kA==",
        "dependencies": {
          "Elmish": "[3.1.0, 3.99.0]",
          "FSharp.Core": "4.6.2",
          "Microsoft.Extensions.Logging.Abstractions": "3.1.6"
        }
      },
      "eWayCRM.API": {
        "type": "Direct",
        "requested": "[1.6.4, )",
        "resolved": "1.6.4",
        "contentHash": "b5ZyZzvJfES/699alZRAUFG8icn19JMNCKHt61Jz3ErZYCmepyssnh/4akGYLle5JmfQx2AHQvxnWjBMLlwtOw==",
        "dependencies": {
          "Newtonsoft.Json": "11.0.2"
        }
      },
      "FSharp.Core": {
        "type": "Direct",
        "requested": "[10.0.102, )",
        "resolved": "10.0.102",
        "contentHash": "umz5pbtOvL/F9U5sibhREzZT2ewAs//nRTMwj8XcOOjMdOP828tipLpEhb2fZNijhiyikJ6Nr/dsMc/lj58W9w=="
      },
      "Microsoft.Xaml.Behaviors.Wpf": {
        "type": "Direct",
        "requested": "[1.1.39, )",
        "resolved": "1.1.39",
        "contentHash": "8PZKqw9QOcu42xk8puY4P1+EXHL9YGOR9b7qhaYx5cILHul456H073tj99vyPcCt0W0781T9RwHqkx507ZyUpQ=="
      },
      "Newtonsoft.Json": {
        "type": "Direct",
        "requested": "[13.0.4, )",
        "resolved": "13.0.4",
        "contentHash": "pdgNNMai3zv51W5aq268sujXUyx7SNdE2bj1wZcWjAQrKMFZV260lbqYop1d2GM67JI1huLRwxo9ZqnfF/lC6A=="
      },
      "Thoth.Json.Net": {
        "type": "Direct",
        "requested": "[12.0.0, )",
        "resolved": "12.0.0",
        "contentHash": "n2YyONYdWCFS4Pu7wrqgV/l5tPuN+t3gxEfs/2RwqCiQkRnbgKs9dK61zHeZS5YganAoFbxLSwbaNL7SvSrS9g==",
        "dependencies": {
          "FSharp.Core": "4.7.2",
          "Fable.Core": "3.1.6",
          "Newtonsoft.Json": "13.0.1"
        }
      },
      "Fable.Core": {
        "type": "Transitive",
        "resolved": "3.1.6",
        "contentHash": "w6M1F0zoLk4kTFc1Lx6x1Ft6BD3QwRe0eaLiinAqbjVkcF+iK+NiXGJO+a6q9RAF9NCg0vI48Xku7aNeqG4JVw==",
        "dependencies": {
          "FSharp.Core": "4.7.1"
        }
      },
      "FSharp.Collections.ParallelSeq": {
        "type": "Transitive",
        "resolved": "1.2.0",
        "contentHash": "NoMSS6RHyAVixqAENqSWVNqQPYAHbU0WVVkr1M5ZoVmD1spM92SN4Fa+9+P7YjoQJJf2GYg9ENukjbmxGpQPag==",
        "dependencies": {
          "FSharp.Core": "5.0.0"
        }
      },
      "FSharp.Control.AsyncSeq": {
        "type": "Transitive",
        "resolved": "3.2.1",
        "contentHash": "bkCq5ZOVeyvyS7sjv95tsyMNLQJ+F0Sj8E3wJQLwvCqd18XQVCV7BxclgUg72m2Z12rL2bLd09Vg69Ifcb365Q==",
        "dependencies": {
          "FSharp.Core": "4.7.2",
          "Microsoft.Bcl.AsyncInterfaces": "5.0.0"
        }
      },
      "FsToolkit.ErrorHandling": {
        "type": "Transitive",
        "resolved": "5.1.0",
        "contentHash": "l1bblQhBLLjoHVVxnxDghT8DBjeDQoN1UEEwryvfAoer599C/hnOo0BPcNVP1SpltaWXTjdUZXZyXj0jF6Onbw==",
        "dependencies": {
          "FSharp.Core": "9.0.300"
        }
      },
      "Microsoft.Bcl.AsyncInterfaces": {
        "type": "Transitive",
        "resolved": "5.0.0",
        "contentHash": "W8DPQjkMScOMTtJbPwmPyj9c3zYSFGawDW3jwlBOOsnY+EzZFLgNQ/UMkK35JmkNOVPdCyPr2Tw7Vv9N+KA3ZQ=="
      },
      "Microsoft.Extensions.Logging.Abstractions": {
        "type": "Transitive",
        "resolved": "3.1.6",
        "contentHash": "o2XYIjF9UugupEPvFsc9N8SjevixoRznS0V6EtjUZcGV4EjXXWKUXlKKsIWmD3i4dSiGo82aNcyqfQTsF/8h8g=="
      },
      "eway_crm_testapp.models": {
        "type": "Project",
        "dependencies": {
          "Elmish": "[3.1.0, )",
          "Elmish.WPF": "[4.0.0-beta-42, )",
          "FSharp.Collections.ParallelSeq": "[1.2.0, )",
          "FSharp.Control.AsyncSeq": "[3.2.1, )",
          "FSharp.Core": "[10.0.102, )",
          "FsToolkit.ErrorHandling": "[5.1.0, )",
          "Newtonsoft.Json": "[13.0.1, )",
          "Thoth.Json.Net": "[12.0.0, )",
          "eWayCRM.API": "[1.6.4, )"
        }
      }
    }
  }
}